<Solution>
  <Folder Name="/Solution Items/">
    <File Path="..\Master.proj" />
  </Folder>
  <Project Path="Dbml\Dbml.csproj" Id="fe25e33f-95b9-453c-98dc-82df44ced946" />
  <Project Path="Generator\Generator.csproj" Id="2bdb103c-9f65-41aa-a86d-77bd0f9839b4" />
  <Project Path="CodeSmith.Data\CodeSmith.Data.csproj" Id="389de9af-2491-4c91-a3a3-fb15ffd8515b" />
  <Project Path="QuickStart\QuickStartUtils.csproj" Id="a42f95f7-501f-478f-9f3c-8b1e8afa1461" />
  <Project Path="CodeSmith.Data.Memcached\CodeSmith.Data.Memcached.csproj" Id="7a5fbd43-01ce-41f5-9cc5-6a6239aa8296" />
  <Project Path="CodeSmith.Data.LinqToSql\CodeSmith.Data.LinqToSql.csproj" Id="e66289ca-56bc-4063-8dbb-8c21a636c5ef" />
</Solution>
